{
    "_meta": {
        "hash": {
            "sha256": "4b373d2df681bdf9ba6a4f7ffcad3869b21645fdc1bdfaa8ffc313fdb1937e4b"
        },
        "pipfile-spec": 6,
        "requires": {
            "python_version": "3.7"
        },
        "sources": [
            {
                "name": "pypi",
                "url": "https://pypi.org/simple",
                "verify_ssl": true
            }
        ]
    },
    "default": {
        "django": {
            "hashes": [
                "sha256:acdcc1f61fdb0a0c82a1d3bf1879a414e7732ea894a7632af7f6d66ec7ab5bb3",
                "sha256:efbcad7ebb47daafbcead109b38a5bd519a3c3cd92c6ed0f691ff97fcdd16b45"
            ],
            "index": "pypi",
            "version": "==2.1.2"
        },
        "django-debug-toolbar": {
            "hashes": [
                "sha256:4af2a4e1e932dadbda197b18585962d4fc20172b4e5a479490bc659fe998864d",
                "sha256:d9ea75659f76d8f1e3eb8f390b47fc5bad0908d949c34a8a3c4c87978eb40a0f"
            ],
            "index": "pypi",
            "version": "==1.9.1"
        },
        "django-pyodbc-azure": {
            "hashes": [
                "sha256:1fa3b31f4432ef2c90c434b284ad093478f8221121dafef05fafbe2c4d872211"
            ],
            "index": "pypi",
            "version": "==2.1.0.0"
        },
        "django-redis": {
            "hashes": [
                "sha256:af0b393864e91228dd30d8c85b5c44d670b5524cb161b7f9e41acc98b6e5ace7",
                "sha256:f46115577063d00a890867c6964ba096057f07cb756e78e0503b89cd18e4e083"
            ],
            "index": "pypi",
            "version": "==4.10.0"
        },
        "djangorestframework": {
            "hashes": [
                "sha256:b6714c3e4b0f8d524f193c91ecf5f5450092c2145439ac2769711f7eba89a9d9",
                "sha256:c375e4f95a3a64fccac412e36fb42ba36881e52313ec021ef410b40f67cddca4"
            ],
            "index": "pypi",
            "version": "==3.8.2"
        },
        "pyodbc": {
            "hashes": [
                "sha256:0ea8c8ed37c9abf8eb411e5148409a4cb05e0da2c03a694a07b17011d0ca7cad",
                "sha256:34cd574407a2fa54ba7fc1096911003f297fcf1e6fd90845936c4553e7dd9f6a",
                "sha256:4596474a2f1cfb81e8c634e16196a6254882d55e2b6e11bb5f9141012afe4d7b",
                "sha256:4f7491244dc12489da35ffb000afbc759cd7280f031cae89d6d419a971c58d08",
                "sha256:5b148cc2a7c40a2a31874ec8c67379919828140e2a105c93e5f878d713d97787",
                "sha256:6831d808e35391cc052300d6615aa6b0397eef6d9393bebc6d3ccb1fd98c7102",
                "sha256:6ac05d35302c66bf2547749c59fd04196fad35482dbebf4c3a70e7a8bee09588",
                "sha256:6f267cd23d2ce35b6b647f2b1ac46305588d980b99bc48b4516a6b2383e9ecbe",
                "sha256:785dd24694187b553a3667168454b9966294d4bea14d0dfb94ef539169a76e48",
                "sha256:7f247dada02d74df40cd5e85ccab7e16f4eac1300d2e2596134f44f6022f91e7",
                "sha256:81c0d73be87c28ee1cfcc55bde224660ee9dbd40dcaf6ec60b035eb24bfc4f03",
                "sha256:95c9aa3d73319b0936d15ee4ad3ff2e9ee0d1e19a04754e3e7e6b730c2e2f0e5",
                "sha256:9651eb968ad66681461a98e92bcdc94ed93164d94390b45c5f82dfbfd13399b8",
                "sha256:9a3aa2550c53a16728ffaec812e06a185519c066a2cd639479cd1c9514d39d88",
                "sha256:e36afbbf3db404441aba861092955f6ff3f4353073688afe2c194a345d3bfd8a",
                "sha256:f8ef7eff25ad7222312e6b751baf69504ef8eeeb5affeb3651d5fe34a74919bc"
            ],
            "version": "==4.0.25"
        },
        "pytz": {
            "hashes": [
                "sha256:32b0891edff07e28efe91284ed9c31e123d84bea3fd98e1f72be2508f43ef8d9",
                "sha256:d5f05e487007e29e03409f9398d074e158d920d36eb82eaf66fb1136b0c5374c"
            ],
            "version": "==2018.9"
        },
        "redis": {
            "hashes": [
                "sha256:2100750629beff143b6a200a2ea8e719fcf26420adabb81402895e144c5083cf",
                "sha256:8e0bdd2de02e829b6225b25646f9fb9daffea99a252610d040409a6738541f0a"
            ],
            "version": "==3.0.1"
        },
        "sqlparse": {
            "hashes": [
                "sha256:ce028444cfab83be538752a2ffdb56bc417b7784ff35bb9a3062413717807dec",
                "sha256:d9cf190f51cbb26da0412247dfe4fb5f4098edb73db84e02f9fc21fdca31fed4"
            ],
            "version": "==0.2.4"
        }
    },
    "develop": {}
}
